
Microsoft Visual Studio Solution File, Format Version 12.00
# Visual Studio Version 16
VisualStudioVersion = 16.0.29728.190
MinimumVisualStudioVersion = 10.0.40219.1
Project("{8BC9CEB8-8B4A-11D0-8D11-00A0C91BC942}") = "SpaRcle", "SpaRcle\SpaRcle.vcxproj", "{D083EC61-C021-407A-AAFC-C4886809D0FB}"
	ProjectSection(ProjectDependencies) = postProject
		{B1347E50-76B2-4A83-95C5-4A82167B4278} = {B1347E50-76B2-4A83-95C5-4A82167B4278}
		{EE7EFBC7-67CA-4F3F-B0D9-A48C789B5A10} = {EE7EFBC7-67CA-4F3F-B0D9-A48C789B5A10}
	EndProjectSection
EndProject
Project("{8BC9CEB8-8B4A-11D0-8D11-00A0C91BC942}") = "Run", "Run\Run.vcxproj", "{C8EAA6DD-0FB1-4607-B789-AACA8064326C}"
	ProjectSection(ProjectDependencies) = postProject
		{B1347E50-76B2-4A83-95C5-4A82167B4278} = {B1347E50-76B2-4A83-95C5-4A82167B4278}
		{D083EC61-C021-407A-AAFC-C4886809D0FB} = {D083EC61-C021-407A-AAFC-C4886809D0FB}
		{EE7EFBC7-67CA-4F3F-B0D9-A48C789B5A10} = {EE7EFBC7-67CA-4F3F-B0D9-A48C789B5A10}
	EndProjectSection
EndProject
Project("{8BC9CEB8-8B4A-11D0-8D11-00A0C91BC942}") = "SRHelper", "SRHelper\SRHelper.vcxproj", "{EE7EFBC7-67CA-4F3F-B0D9-A48C789B5A10}"
EndProject
Project("{8BC9CEB8-8B4A-11D0-8D11-00A0C91BC942}") = "PySpaRcle", "PySpaRcle\PySpaRcle.vcxproj", "{C25A08E3-5826-437C-A8CE-A2224CFA51B4}"
EndProject
Project("{8BC9CEB8-8B4A-11D0-8D11-00A0C91BC942}") = "SRGraphics", "SRGraphics\SRGraphics.vcxproj", "{B1347E50-76B2-4A83-95C5-4A82167B4278}"
	ProjectSection(ProjectDependencies) = postProject
		{EE7EFBC7-67CA-4F3F-B0D9-A48C789B5A10} = {EE7EFBC7-67CA-4F3F-B0D9-A48C789B5A10}
	EndProjectSection
EndProject
Project("{8BC9CEB8-8B4A-11D0-8D11-00A0C91BC942}") = "SRPhysics", "SRPhysics\SRPhysics.vcxproj", "{FEED8E6C-CA5D-4A35-AE9E-2866029087D4}"
EndProject
Project("{8BC9CEB8-8B4A-11D0-8D11-00A0C91BC942}") = "SREngine", "SREngine\SREngine.vcxproj", "{39780F0C-AD2F-49FE-83CF-F46158525FD4}"
	ProjectSection(ProjectDependencies) = postProject
		{B1347E50-76B2-4A83-95C5-4A82167B4278} = {B1347E50-76B2-4A83-95C5-4A82167B4278}
		{FEED8E6C-CA5D-4A35-AE9E-2866029087D4} = {FEED8E6C-CA5D-4A35-AE9E-2866029087D4}
		{EE7EFBC7-67CA-4F3F-B0D9-A48C789B5A10} = {EE7EFBC7-67CA-4F3F-B0D9-A48C789B5A10}
	EndProjectSection
EndProject
Project("{8BC9CEB8-8B4A-11D0-8D11-00A0C91BC942}") = "Game", "Game\Game.vcxproj", "{83B76771-B867-4DCA-90E0-3D623097639A}"
	ProjectSection(ProjectDependencies) = postProject
		{39780F0C-AD2F-49FE-83CF-F46158525FD4} = {39780F0C-AD2F-49FE-83CF-F46158525FD4}
		{B1347E50-76B2-4A83-95C5-4A82167B4278} = {B1347E50-76B2-4A83-95C5-4A82167B4278}
		{FEED8E6C-CA5D-4A35-AE9E-2866029087D4} = {FEED8E6C-CA5D-4A35-AE9E-2866029087D4}
		{EE7EFBC7-67CA-4F3F-B0D9-A48C789B5A10} = {EE7EFBC7-67CA-4F3F-B0D9-A48C789B5A10}
	EndProjectSection
EndProject
Project("{2150E333-8FDC-42A3-9474-1A3956D46DE8}") = "Solution Items", "Solution Items", "{391E74E1-CF25-4D48-9C14-D234F99AF2DC}"
	ProjectSection(SolutionItems) = preProject
		Resources\Scripts\script.lua = Resources\Scripts\script.lua
	EndProjectSection
EndProject
Global
	GlobalSection(SolutionConfigurationPlatforms) = preSolution
		Debug|x64 = Debug|x64
		Debug|x86 = Debug|x86
		Release|x64 = Release|x64
		Release|x86 = Release|x86
	EndGlobalSection
	GlobalSection(ProjectConfigurationPlatforms) = postSolution
		{D083EC61-C021-407A-AAFC-C4886809D0FB}.Debug|x64.ActiveCfg = Debug|x64
		{D083EC61-C021-407A-AAFC-C4886809D0FB}.Debug|x64.Build.0 = Debug|x64
		{D083EC61-C021-407A-AAFC-C4886809D0FB}.Debug|x86.ActiveCfg = Debug|Win32
		{D083EC61-C021-407A-AAFC-C4886809D0FB}.Debug|x86.Build.0 = Debug|Win32
		{D083EC61-C021-407A-AAFC-C4886809D0FB}.Release|x64.ActiveCfg = Release|x64
		{D083EC61-C021-407A-AAFC-C4886809D0FB}.Release|x64.Build.0 = Release|x64
		{D083EC61-C021-407A-AAFC-C4886809D0FB}.Release|x86.ActiveCfg = Release|Win32
		{D083EC61-C021-407A-AAFC-C4886809D0FB}.Release|x86.Build.0 = Release|Win32
		{C8EAA6DD-0FB1-4607-B789-AACA8064326C}.Debug|x64.ActiveCfg = Debug|x64
		{C8EAA6DD-0FB1-4607-B789-AACA8064326C}.Debug|x64.Build.0 = Debug|x64
		{C8EAA6DD-0FB1-4607-B789-AACA8064326C}.Debug|x86.ActiveCfg = Debug|Win32
		{C8EAA6DD-0FB1-4607-B789-AACA8064326C}.Debug|x86.Build.0 = Debug|Win32
		{C8EAA6DD-0FB1-4607-B789-AACA8064326C}.Release|x64.ActiveCfg = Release|x64
		{C8EAA6DD-0FB1-4607-B789-AACA8064326C}.Release|x64.Build.0 = Release|x64
		{C8EAA6DD-0FB1-4607-B789-AACA8064326C}.Release|x86.ActiveCfg = Release|Win32
		{C8EAA6DD-0FB1-4607-B789-AACA8064326C}.Release|x86.Build.0 = Release|Win32
		{EE7EFBC7-67CA-4F3F-B0D9-A48C789B5A10}.Debug|x64.ActiveCfg = Debug|x64
		{EE7EFBC7-67CA-4F3F-B0D9-A48C789B5A10}.Debug|x64.Build.0 = Debug|x64
		{EE7EFBC7-67CA-4F3F-B0D9-A48C789B5A10}.Debug|x86.ActiveCfg = Debug|Win32
		{EE7EFBC7-67CA-4F3F-B0D9-A48C789B5A10}.Debug|x86.Build.0 = Debug|Win32
		{EE7EFBC7-67CA-4F3F-B0D9-A48C789B5A10}.Release|x64.ActiveCfg = Release|x64
		{EE7EFBC7-67CA-4F3F-B0D9-A48C789B5A10}.Release|x64.Build.0 = Release|x64
		{EE7EFBC7-67CA-4F3F-B0D9-A48C789B5A10}.Release|x86.ActiveCfg = Release|Win32
		{EE7EFBC7-67CA-4F3F-B0D9-A48C789B5A10}.Release|x86.Build.0 = Release|Win32
		{C25A08E3-5826-437C-A8CE-A2224CFA51B4}.Debug|x64.ActiveCfg = Debug|x64
		{C25A08E3-5826-437C-A8CE-A2224CFA51B4}.Debug|x64.Build.0 = Debug|x64
		{C25A08E3-5826-437C-A8CE-A2224CFA51B4}.Debug|x86.ActiveCfg = Debug|Win32
		{C25A08E3-5826-437C-A8CE-A2224CFA51B4}.Debug|x86.Build.0 = Debug|Win32
		{C25A08E3-5826-437C-A8CE-A2224CFA51B4}.Release|x64.ActiveCfg = Release|x64
		{C25A08E3-5826-437C-A8CE-A2224CFA51B4}.Release|x64.Build.0 = Release|x64
		{C25A08E3-5826-437C-A8CE-A2224CFA51B4}.Release|x86.ActiveCfg = Release|Win32
		{C25A08E3-5826-437C-A8CE-A2224CFA51B4}.Release|x86.Build.0 = Release|Win32
		{B1347E50-76B2-4A83-95C5-4A82167B4278}.Debug|x64.ActiveCfg = Debug|x64
		{B1347E50-76B2-4A83-95C5-4A82167B4278}.Debug|x64.Build.0 = Debug|x64
		{B1347E50-76B2-4A83-95C5-4A82167B4278}.Debug|x86.ActiveCfg = Debug|Win32
		{B1347E50-76B2-4A83-95C5-4A82167B4278}.Debug|x86.Build.0 = Debug|Win32
		{B1347E50-76B2-4A83-95C5-4A82167B4278}.Release|x64.ActiveCfg = Release|x64
		{B1347E50-76B2-4A83-95C5-4A82167B4278}.Release|x64.Build.0 = Release|x64
		{B1347E50-76B2-4A83-95C5-4A82167B4278}.Release|x86.ActiveCfg = Release|Win32
		{B1347E50-76B2-4A83-95C5-4A82167B4278}.Release|x86.Build.0 = Release|Win32
		{FEED8E6C-CA5D-4A35-AE9E-2866029087D4}.Debug|x64.ActiveCfg = Debug|x64
		{FEED8E6C-CA5D-4A35-AE9E-2866029087D4}.Debug|x64.Build.0 = Debug|x64
		{FEED8E6C-CA5D-4A35-AE9E-2866029087D4}.Debug|x86.ActiveCfg = Debug|Win32
		{FEED8E6C-CA5D-4A35-AE9E-2866029087D4}.Debug|x86.Build.0 = Debug|Win32
		{FEED8E6C-CA5D-4A35-AE9E-2866029087D4}.Release|x64.ActiveCfg = Release|x64
		{FEED8E6C-CA5D-4A35-AE9E-2866029087D4}.Release|x64.Build.0 = Release|x64
		{FEED8E6C-CA5D-4A35-AE9E-2866029087D4}.Release|x86.ActiveCfg = Release|Win32
		{FEED8E6C-CA5D-4A35-AE9E-2866029087D4}.Release|x86.Build.0 = Release|Win32
		{39780F0C-AD2F-49FE-83CF-F46158525FD4}.Debug|x64.ActiveCfg = Debug|x64
		{39780F0C-AD2F-49FE-83CF-F46158525FD4}.Debug|x64.Build.0 = Debug|x64
		{39780F0C-AD2F-49FE-83CF-F46158525FD4}.Debug|x86.ActiveCfg = Debug|Win32
		{39780F0C-AD2F-49FE-83CF-F46158525FD4}.Debug|x86.Build.0 = Debug|Win32
		{39780F0C-AD2F-49FE-83CF-F46158525FD4}.Release|x64.ActiveCfg = Release|x64
		{39780F0C-AD2F-49FE-83CF-F46158525FD4}.Release|x64.Build.0 = Release|x64
		{39780F0C-AD2F-49FE-83CF-F46158525FD4}.Release|x86.ActiveCfg = Release|Win32
		{39780F0C-AD2F-49FE-83CF-F46158525FD4}.Release|x86.Build.0 = Release|Win32
		{83B76771-B867-4DCA-90E0-3D623097639A}.Debug|x64.ActiveCfg = Debug|x64
		{83B76771-B867-4DCA-90E0-3D623097639A}.Debug|x64.Build.0 = Debug|x64
		{83B76771-B867-4DCA-90E0-3D623097639A}.Debug|x86.ActiveCfg = Debug|Win32
		{83B76771-B867-4DCA-90E0-3D623097639A}.Debug|x86.Build.0 = Debug|Win32
		{83B76771-B867-4DCA-90E0-3D623097639A}.Release|x64.ActiveCfg = Release|x64
		{83B76771-B867-4DCA-90E0-3D623097639A}.Release|x64.Build.0 = Release|x64
		{83B76771-B867-4DCA-90E0-3D623097639A}.Release|x86.ActiveCfg = Release|Win32
		{83B76771-B867-4DCA-90E0-3D623097639A}.Release|x86.Build.0 = Release|Win32
	EndGlobalSection
	GlobalSection(SolutionProperties) = preSolution
		HideSolutionNode = FALSE
	EndGlobalSection
	GlobalSection(ExtensibilityGlobals) = postSolution
		SolutionGuid = {AF660732-744F-4C84-82E7-67E161E3D474}
	EndGlobalSection
EndGlobal
