<?xml version="1.0" encoding="utf-8"?>
<Project ToolsVersion="4.0" xmlns="http://schemas.microsoft.com/developer/msbuild/2003">
  <ItemGroup>
    <Filter Include="Console">
      <UniqueIdentifier>{6a07d45a-1264-4959-8e03-b63177744533}</UniqueIdentifier>
    </Filter>
    <Filter Include="Files">
      <UniqueIdentifier>{c64f0a7a-dd5f-4ddc-bc2d-7771fb2de253}</UniqueIdentifier>
    </Filter>
    <Filter Include="Common">
      <UniqueIdentifier>{e44aedf8-7ab5-43b0-818d-de225d44e2bf}</UniqueIdentifier>
    </Filter>
    <Filter Include="Network">
      <UniqueIdentifier>{f542a7be-9029-4c10-9b98-0f6917ef1782}</UniqueIdentifier>
    </Filter>
    <Filter Include="Utils">
      <UniqueIdentifier>{5336a64b-7b7e-4dff-8a14-a00a0545307a}</UniqueIdentifier>
    </Filter>
    <Filter Include="Helper">
      <UniqueIdentifier>{971cb270-ea2f-4ab4-abb2-ccdffc264c87}</UniqueIdentifier>
    </Filter>
  </ItemGroup>
  <ItemGroup>
    <ClInclude Include="KeyCodes.h">
      <Filter>Console</Filter>
    </ClInclude>
    <ClInclude Include="Input.h">
      <Filter>Console</Filter>
    </ClInclude>
    <ClInclude Include="FileManager.h">
      <Filter>Files</Filter>
    </ClInclude>
    <ClInclude Include="Debug.h">
      <Filter>Console</Filter>
    </ClInclude>
    <ClInclude Include="pch.h">
      <Filter>Common</Filter>
    </ClInclude>
    <ClInclude Include="SRHelper.h">
      <Filter>Common</Filter>
    </ClInclude>
    <ClInclude Include="TCP.h">
      <Filter>Network</Filter>
    </ClInclude>
    <ClInclude Include="SRString.h">
      <Filter>Utils</Filter>
    </ClInclude>
    <ClInclude Include="SRArray.h">
      <Filter>Utils</Filter>
    </ClInclude>
    <ClInclude Include="Vector3.h">
      <Filter>Utils</Filter>
    </ClInclude>
  </ItemGroup>
  <ItemGroup>
    <ClCompile Include="Debug.cpp">
      <Filter>Console</Filter>
    </ClCompile>
    <ClCompile Include="Input.cpp">
      <Filter>Console</Filter>
    </ClCompile>
    <ClCompile Include="FileManager.cpp">
      <Filter>Files</Filter>
    </ClCompile>
    <ClCompile Include="pch.cpp">
      <Filter>Common</Filter>
    </ClCompile>
    <ClCompile Include="SRHelper.cpp">
      <Filter>Common</Filter>
    </ClCompile>
    <ClCompile Include="TCP.cpp">
      <Filter>Network</Filter>
    </ClCompile>
  </ItemGroup>
</Project>